
Microsoft Visual Studio Solution File, Format Version 12.00
# Visual Studio Version 16
VisualStudioVersion = 16.0.30128.74
MinimumVisualStudioVersion = 10.0.40219.1
Project("{FAE04EC0-301F-11D3-BF4B-00C04F79EFBC}") = "GraspSolid.ConsoleApp", "GraspSolid.ConsoleApp\GraspSolid.ConsoleApp.csproj", "{FA310063-F2DB-4E25-B2EF-9B117FA84387}"
EndProject
Project("{FAE04EC0-301F-11D3-BF4B-00C04F79EFBC}") = "ViolacaoOCP", "ExemploOCP\ViolacaoOCP.csproj", "{8442088B-5E68-4C39-A168-167AC8DD6738}"
EndProject
Project("{FAE04EC0-301F-11D3-BF4B-00C04F79EFBC}") = "ViolacaoLSP", "ViolacaoLSP\ViolacaoLSP.csproj", "{A0C2C622-BA09-48DD-9B0A-7AA8F8A437F2}"
EndProject
Project("{FAE04EC0-301F-11D3-BF4B-00C04F79EFBC}") = "ViolacaoISP", "ViolacaoISP\ViolacaoISP.csproj", "{81925561-182B-4140-A419-324D99D77F60}"
EndProject
Project("{FAE04EC0-301F-11D3-BF4B-00C04F79EFBC}") = "ViolacaoSRP", "ViolacaoSRP\ViolacaoSRP.csproj", "{EE33FEFD-A9A1-4CE0-9728-140A3BE021C9}"
EndProject
Global
	GlobalSection(SolutionConfigurationPlatforms) = preSolution
		Debug|Any CPU = Debug|Any CPU
		Release|Any CPU = Release|Any CPU
	EndGlobalSection
	GlobalSection(ProjectConfigurationPlatforms) = postSolution
		{FA310063-F2DB-4E25-B2EF-9B117FA84387}.Debug|Any CPU.ActiveCfg = Debug|Any CPU
		{FA310063-F2DB-4E25-B2EF-9B117FA84387}.Debug|Any CPU.Build.0 = Debug|Any CPU
		{FA310063-F2DB-4E25-B2EF-9B117FA84387}.Release|Any CPU.ActiveCfg = Release|Any CPU
		{FA310063-F2DB-4E25-B2EF-9B117FA84387}.Release|Any CPU.Build.0 = Release|Any CPU
		{8442088B-5E68-4C39-A168-167AC8DD6738}.Debug|Any CPU.ActiveCfg = Debug|Any CPU
		{8442088B-5E68-4C39-A168-167AC8DD6738}.Debug|Any CPU.Build.0 = Debug|Any CPU
		{8442088B-5E68-4C39-A168-167AC8DD6738}.Release|Any CPU.ActiveCfg = Release|Any CPU
		{8442088B-5E68-4C39-A168-167AC8DD6738}.Release|Any CPU.Build.0 = Release|Any CPU
		{A0C2C622-BA09-48DD-9B0A-7AA8F8A437F2}.Debug|Any CPU.ActiveCfg = Debug|Any CPU
		{A0C2C622-BA09-48DD-9B0A-7AA8F8A437F2}.Debug|Any CPU.Build.0 = Debug|Any CPU
		{A0C2C622-BA09-48DD-9B0A-7AA8F8A437F2}.Release|Any CPU.ActiveCfg = Release|Any CPU
		{A0C2C622-BA09-48DD-9B0A-7AA8F8A437F2}.Release|Any CPU.Build.0 = Release|Any CPU
		{81925561-182B-4140-A419-324D99D77F60}.Debug|Any CPU.ActiveCfg = Debug|Any CPU
		{81925561-182B-4140-A419-324D99D77F60}.Debug|Any CPU.Build.0 = Debug|Any CPU
		{81925561-182B-4140-A419-324D99D77F60}.Release|Any CPU.ActiveCfg = Release|Any CPU
		{81925561-182B-4140-A419-324D99D77F60}.Release|Any CPU.Build.0 = Release|Any CPU
		{EE33FEFD-A9A1-4CE0-9728-140A3BE021C9}.Debug|Any CPU.ActiveCfg = Debug|Any CPU
		{EE33FEFD-A9A1-4CE0-9728-140A3BE021C9}.Debug|Any CPU.Build.0 = Debug|Any CPU
		{EE33FEFD-A9A1-4CE0-9728-140A3BE021C9}.Release|Any CPU.ActiveCfg = Release|Any CPU
		{EE33FEFD-A9A1-4CE0-9728-140A3BE021C9}.Release|Any CPU.Build.0 = Release|Any CPU
	EndGlobalSection
	GlobalSection(SolutionProperties) = preSolution
		HideSolutionNode = FALSE
	EndGlobalSection
	GlobalSection(ExtensibilityGlobals) = postSolution
		SolutionGuid = {E9FC3671-A23F-4B94-B7A2-06586C480DB5}
	EndGlobalSection
EndGlobal
